# THIS IS AN AUTOGENERATED FILE. DO NOT EDIT THIS FILE DIRECTLY.
# yarn lockfile v1


"@planetscale/database@^1.11.0":
  version "1.11.0"
  resolved "https://registry.yarnpkg.com/@planetscale/database/-/database-1.11.0.tgz#690fddbb828c39f5e117db11641dafccd9cf4222"
  integrity sha512-aWbU+D/IRHoDE9975y+Q4c+EwwAWxCPwFId+N1AhQVFXzbeJMkj6KN2iQtoi03elcLMRdfT+V3i9Z4WRw+/oIA==
